
Microsoft Visual Studio Solution File, Format Version 12.00
# Visual Studio Version 17
VisualStudioVersion = 17.6.33723.286
MinimumVisualStudioVersion = 10.0.40219.1
Project("{FAE04EC0-301F-11D3-BF4B-00C04F79EFBC}") = "PasswordCrackerDecentralized", "PasswordCrackerDecentralized\PasswordCrackerDecentralized.csproj", "{F8F4970C-13EB-4210-8316-F4E55103AC9E}"
EndProject
Project("{2150E333-8FDC-42A3-9474-1A3956D46DE8}") = "Solution Items", "Solution Items", "{ADF40280-1ECE-4DFB-BFA2-0A4B59904EA7}"
EndProject
Global
	GlobalSection(SolutionConfigurationPlatforms) = preSolution
		Debug|Any CPU = Debug|Any CPU
		Release|Any CPU = Release|Any CPU
	EndGlobalSection
	GlobalSection(ProjectConfigurationPlatforms) = postSolution
		{F8F4970C-13EB-4210-8316-F4E55103AC9E}.Debug|Any CPU.ActiveCfg = Debug|Any CPU
		{F8F4970C-13EB-4210-8316-F4E55103AC9E}.Debug|Any CPU.Build.0 = Debug|Any CPU
		{F8F4970C-13EB-4210-8316-F4E55103AC9E}.Release|Any CPU.ActiveCfg = Release|Any CPU
		{F8F4970C-13EB-4210-8316-F4E55103AC9E}.Release|Any CPU.Build.0 = Release|Any CPU
	EndGlobalSection
	GlobalSection(SolutionProperties) = preSolution
		HideSolutionNode = FALSE
	EndGlobalSection
	GlobalSection(ExtensibilityGlobals) = postSolution
		SolutionGuid = {0C972D61-BD91-4EBB-9574-0A6DAE67575A}
	EndGlobalSection
EndGlobal
